{
  "name": "routine-ts",
  "version": "0.0.1",
  "lockfileVersion": 2,
  "requires": true,
  "packages": {
    "": {
      "name": "routine-ts",
      "version": "0.0.1",
      "license": "MIT",
      "dependencies": {
        "fsevents": "^2.3.2"
      },
      "devDependencies": {
        "rollup": "^3.21.1"
      }
    },
    "node_modules/fsevents": {
      "version": "2.3.2",
      "resolved": "https://registry.npmjs.org/fsevents/-/fsevents-2.3.2.tgz",
      "integrity": "sha512-xiqMQR4xAeHTuB9uWm+fFRcIOgKBMiOBP+eXiyT7jsgVCq1bkVygt00oASowB7EdtpOHaaPgKt812P9ab+DDKA==",
      "hasInstallScript": true,
      "os": [
        "darwin"
      ],
      "engines": {
        "node": "^8.16.0 || ^10.6.0 || >=11.0.0"
      }
    },
    "node_modules/rollup": {
      "version": "3.21.1",
      "resolved": "https://registry.npmjs.org/rollup/-/rollup-3.21.1.tgz",
      "integrity": "sha512-GpUgqWCw56OSiBKf7lcAITstYiBV1/EKaKYPl9r8HgAxc6/qYAVw1PaHWnvHWFziRaf4HsVCDLq/IGtBi1K/Zw==",
      "dev": true,
      "bin": {
        "rollup": "dist/bin/rollup"
      },
      "engines": {
        "node": ">=14.18.0",
        "npm": ">=8.0.0"
      },
      "optionalDependencies": {
        "fsevents": "~2.3.2"
      }
    }
  },
  "dependencies": {
    "fsevents": {
      "version": "2.3.2",
      "resolved": "https://registry.npmjs.org/fsevents/-/fsevents-2.3.2.tgz",
      "integrity": "sha512-xiqMQR4xAeHTuB9uWm+fFRcIOgKBMiOBP+eXiyT7jsgVCq1bkVygt00oASowB7EdtpOHaaPgKt812P9ab+DDKA=="
    },
    "rollup": {
      "version": "3.21.1",
      "resolved": "https://registry.npmjs.org/rollup/-/rollup-3.21.1.tgz",
      "integrity": "sha512-GpUgqWCw56OSiBKf7lcAITstYiBV1/EKaKYPl9r8HgAxc6/qYAVw1PaHWnvHWFziRaf4HsVCDLq/IGtBi1K/Zw==",
      "dev": true,
      "requires": {
        "fsevents": "~2.3.2"
      }
    }
  }
}
